
Microsoft Visual Studio Solution File, Format Version 12.00
# Visual Studio 15
VisualStudioVersion = 15.0.28307.1401
MinimumVisualStudioVersion = 10.0.40219.1
Project("{FAE04EC0-301F-11D3-BF4B-00C04F79EFBC}") = "FishAgency", "FishAgency\FishAgency.csproj", "{7A060408-1E09-40F3-B7A2-3658947EAF23}"
EndProject
Global
	GlobalSection(SolutionConfigurationPlatforms) = preSolution
		Debug|Any CPU = Debug|Any CPU
		Release|Any CPU = Release|Any CPU
	EndGlobalSection
	GlobalSection(ProjectConfigurationPlatforms) = postSolution
		{7A060408-1E09-40F3-B7A2-3658947EAF23}.Debug|Any CPU.ActiveCfg = Debug|Any CPU
		{7A060408-1E09-40F3-B7A2-3658947EAF23}.Debug|Any CPU.Build.0 = Debug|Any CPU
		{7A060408-1E09-40F3-B7A2-3658947EAF23}.Release|Any CPU.ActiveCfg = Release|Any CPU
		{7A060408-1E09-40F3-B7A2-3658947EAF23}.Release|Any CPU.Build.0 = Release|Any CPU
	EndGlobalSection
	GlobalSection(SolutionProperties) = preSolution
		HideSolutionNode = FALSE
	EndGlobalSection
	GlobalSection(ExtensibilityGlobals) = postSolution
		SolutionGuid = {8297BB8A-8B36-4689-8B3D-EBD96C11AF02}
	EndGlobalSection
EndGlobal
